
Microsoft Visual Studio Solution File, Format Version 12.00
# Visual Studio Version 16
VisualStudioVersion = 16.0.30320.27
MinimumVisualStudioVersion = 10.0.40219.1
Project("{FAE04EC0-301F-11D3-BF4B-00C04F79EFBC}") = "CSharpquarium", "CSharpquarium\CSharpquarium.csproj", "{4BED2A89-14B6-48DE-B122-BDF4A5F3D9FD}"
EndProject
Global
	GlobalSection(SolutionConfigurationPlatforms) = preSolution
		Debug|Any CPU = Debug|Any CPU
		Release|Any CPU = Release|Any CPU
	EndGlobalSection
	GlobalSection(ProjectConfigurationPlatforms) = postSolution
		{4BED2A89-14B6-48DE-B122-BDF4A5F3D9FD}.Debug|Any CPU.ActiveCfg = Debug|Any CPU
		{4BED2A89-14B6-48DE-B122-BDF4A5F3D9FD}.Debug|Any CPU.Build.0 = Debug|Any CPU
		{4BED2A89-14B6-48DE-B122-BDF4A5F3D9FD}.Release|Any CPU.ActiveCfg = Release|Any CPU
		{4BED2A89-14B6-48DE-B122-BDF4A5F3D9FD}.Release|Any CPU.Build.0 = Release|Any CPU
	EndGlobalSection
	GlobalSection(SolutionProperties) = preSolution
		HideSolutionNode = FALSE
	EndGlobalSection
	GlobalSection(ExtensibilityGlobals) = postSolution
		SolutionGuid = {94B7D554-C456-42CD-B720-33532E2CCBBA}
	EndGlobalSection
EndGlobal
